// !$*UTF8*$!
{
	archiveVersion = 1;
	classes = {
	};
	objectVersion = 56;
	objects = {

/* Begin PBXBuildFile section */
		B0C9DE9A2A1E7F2800463A92 /* AppDelegate.swift in Sources */ = {isa = PBXBuildFile; fileRef = B0C9DE992A1E7F2800463A92 /* AppDelegate.swift */; };
		B0C9DE9C2A1E7F2800463A92 /* SceneDelegate.swift in Sources */ = {isa = PBXBuildFile; fileRef = B0C9DE9B2A1E7F2800463A92 /* SceneDelegate.swift */; };
		B0C9DE9E2A1E7F2800463A92 /* ViewController.swift in Sources */ = {isa = PBXBuildFile; fileRef = B0C9DE9D2A1E7F2800463A92 /* ViewController.swift */; };
		B0C9DEA12A1E7F2800463A92 /* Main.storyboard in Resources */ = {isa = PBXBuildFile; fileRef = B0C9DE9F2A1E7F2800463A92 /* Main.storyboard */; };
		B0C9DEA32A1E7F2A00463A92 /* Assets.xcassets in Resources */ = {isa = PBXBuildFile; fileRef = B0C9DEA22A1E7F2A00463A92 /* Assets.xcassets */; };
		B0C9DEA62A1E7F2A00463A92 /* LaunchScreen.storyboard in Resources */ = {isa = PBXBuildFile; fileRef = B0C9DEA42A1E7F2A00463A92 /* LaunchScreen.storyboard */; };
		B0C9DEB12A1E7F2A00463A92 /* ToDoAppTests.swift in Sources */ = {isa = PBXBuildFile; fileRef = B0C9DEB02A1E7F2A00463A92 /* ToDoAppTests.swift */; };
		B0C9DEBB2A1E7F2A00463A92 /* ToDoAppUITests.swift in Sources */ = {isa = PBXBuildFile; fileRef = B0C9DEBA2A1E7F2A00463A92 /* ToDoAppUITests.swift */; };
		B0C9DEBD2A1E7F2A00463A92 /* ToDoAppUITestsLaunchTests.swift in Sources */ = {isa = PBXBuildFile; fileRef = B0C9DEBC2A1E7F2A00463A92 /* ToDoAppUITestsLaunchTests.swift */; };
/* End PBXBuildFile section */

/* Begin PBXContainerItemProxy section */
		B0C9DEAD2A1E7F2A00463A92 /* PBXContainerItemProxy */ = {
			isa = PBXContainerItemProxy;
			containerPortal = B0C9DE8E2A1E7F2700463A92 /* Project object */;
			proxyType = 1;
			remoteGlobalIDString = B0C9DE952A1E7F2800463A92;
			remoteInfo = ToDoApp;
		};
		B0C9DEB72A1E7F2A00463A92 /* PBXContainerItemProxy */ = {
			isa = PBXContainerItemProxy;
			containerPortal = B0C9DE8E2A1E7F2700463A92 /* Project object */;
			proxyType = 1;
			remoteGlobalIDString = B0C9DE952A1E7F2800463A92;
			remoteInfo = ToDoApp;
		};
/* End PBXContainerItemProxy section */

/* Begin PBXFileReference section */
		B0C9DE962A1E7F2800463A92 /* ToDoApp.app */ = {isa = PBXFileReference; explicitFileType = wrapper.application; includeInIndex = 0; path = ToDoApp.app; sourceTree = BUILT_PRODUCTS_DIR; };
		B0C9DE992A1E7F2800463A92 /* AppDelegate.swift */ = {isa = PBXFileReference; lastKnownFileType = sourcecode.swift; path = AppDelegate.swift; sourceTree = "<group>"; };
		B0C9DE9B2A1E7F2800463A92 /* SceneDelegate.swift */ = {isa = PBXFileReference; lastKnownFileType = sourcecode.swift; path = SceneDelegate.swift; sourceTree = "<group>"; };
		B0C9DE9D2A1E7F2800463A92 /* ViewController.swift */ = {isa = PBXFileReference; lastKnownFileType = sourcecode.swift; path = ViewController.swift; sourceTree = "<group>"; };
		B0C9DEA02A1E7F2800463A92 /* Base */ = {isa = PBXFileReference; lastKnownFileType = file.storyboard; name = Base; path = Base.lproj/Main.storyboard; sourceTree = "<group>"; };
		B0C9DEA22A1E7F2A00463A92 /* Assets.xcassets */ = {isa = PBXFileReference; lastKnownFileType = folder.assetcatalog; path = Assets.xcassets; sourceTree = "<group>"; };
		B0C9DEA52A1E7F2A00463A92 /* Base */ = {isa = PBXFileReference; lastKnownFileType = file.storyboard; name = Base; path = Base.lproj/LaunchScreen.storyboard; sourceTree = "<group>"; };
		B0C9DEA72A1E7F2A00463A92 /* Info.plist */ = {isa = PBXFileReference; lastKnownFileType = text.plist.xml; path = Info.plist; sourceTree = "<group>"; };
		B0C9DEAC2A1E7F2A00463A92 /* ToDoAppTests.xctest */ = {isa = PBXFileReference; explicitFileType = wrapper.cfbundle; includeInIndex = 0; path = ToDoAppTests.xctest; sourceTree = BUILT_PRODUCTS_DIR; };
		B0C9DEB02A1E7F2A00463A92 /* ToDoAppTests.swift */ = {isa = PBXFileReference; lastKnownFileType = sourcecode.swift; path = ToDoAppTests.swift; sourceTree = "<group>"; };
		B0C9DEB62A1E7F2A00463A92 /* ToDoAppUITests.xctest */ = {isa = PBXFileReference; explicitFileType = wrapper.cfbundle; includeInIndex = 0; path = ToDoAppUITests.xctest; sourceTree = BUILT_PRODUCTS_DIR; };
		B0C9DEBA2A1E7F2A00463A92 /* ToDoAppUITests.swift */ = {isa = PBXFileReference; lastKnownFileType = sourcecode.swift; path = ToDoAppUITests.swift; sourceTree = "<group>"; };
		B0C9DEBC2A1E7F2A00463A92 /* ToDoAppUITestsLaunchTests.swift */ = {isa = PBXFileReference; lastKnownFileType = sourcecode.swift; path = ToDoAppUITestsLaunchTests.swift; sourceTree = "<group>"; };
/* End PBXFileReference section */

/* Begin PBXFrameworksBuildPhase section */
		B0C9DE932A1E7F2800463A92 /* Frameworks */ = {
			isa = PBXFrameworksBuildPhase;
			buildActionMask = 2147483647;
			files = (
			);
			runOnlyForDeploymentPostprocessing = 0;
		};
		B0C9DEA92A1E7F2A00463A92 /* Frameworks */ = {
			isa = PBXFrameworksBuildPhase;
			buildActionMask = 2147483647;
			files = (
			);
			runOnlyForDeploymentPostprocessing = 0;
		};
		B0C9DEB32A1E7F2A00463A92 /* Frameworks */ = {
			isa = PBXFrameworksBuildPhase;
			buildActionMask = 2147483647;
			files = (
			);
			runOnlyForDeploymentPostprocessing = 0;
		};
/* End PBXFrameworksBuildPhase section */

/* Begin PBXGroup section */
		B0C9DE8D2A1E7F2700463A92 = {
			isa = PBXGroup;
			children = (
				B0C9DE982A1E7F2800463A92 /* ToDoApp */,
				B0C9DEAF2A1E7F2A00463A92 /* ToDoAppTests */,
				B0C9DEB92A1E7F2A00463A92 /* ToDoAppUITests */,
				B0C9DE972A1E7F2800463A92 /* Products */,
			);
			sourceTree = "<group>";
		};
		B0C9DE972A1E7F2800463A92 /* Products */ = {
			isa = PBXGroup;
			children = (
				B0C9DE962A1E7F2800463A92 /* ToDoApp.app */,
				B0C9DEAC2A1E7F2A00463A92 /* ToDoAppTests.xctest */,
				B0C9DEB62A1E7F2A00463A92 /* ToDoAppUITests.xctest */,
			);
			name = Products;
			sourceTree = "<group>";
		};
		B0C9DE982A1E7F2800463A92 /* ToDoApp */ = {
			isa = PBXGroup;
			children = (
				B0C9DE992A1E7F2800463A92 /* AppDelegate.swift */,
				B0C9DE9B2A1E7F2800463A92 /* SceneDelegate.swift */,
				B0C9DE9D2A1E7F2800463A92 /* ViewController.swift */,
				B0C9DE9F2A1E7F2800463A92 /* Main.storyboard */,
				B0C9DEA22A1E7F2A00463A92 /* Assets.xcassets */,
				B0C9DEA42A1E7F2A00463A92 /* LaunchScreen.storyboard */,
				B0C9DEA72A1E7F2A00463A92 /* Info.plist */,
			);
			path = ToDoApp;
			sourceTree = "<group>";
		};
		B0C9DEAF2A1E7F2A00463A92 /* ToDoAppTests */ = {
			isa = PBXGroup;
			children = (
				B0C9DEB02A1E7F2A00463A92 /* ToDoAppTests.swift */,
			);
			path = ToDoAppTests;
			sourceTree = "<group>";
		};
		B0C9DEB92A1E7F2A00463A92 /* ToDoAppUITests */ = {
			isa = PBXGroup;
			children = (
				B0C9DEBA2A1E7F2A00463A92 /* ToDoAppUITests.swift */,
				B0C9DEBC2A1E7F2A00463A92 /* ToDoAppUITestsLaunchTests.swift */,
			);
			path = ToDoAppUITests;
			sourceTree = "<group>";
		};
/* End PBXGroup section */

/* Begin PBXNativeTarget section */
		B0C9DE952A1E7F2800463A92 /* ToDoApp */ = {
			isa = PBXNativeTarget;
			buildConfigurationList = B0C9DEC02A1E7F2A00463A92 /* Build configuration list for PBXNativeTarget "ToDoApp" */;
			buildPhases = (
				B0C9DE922A1E7F2800463A92 /* Sources */,
				B0C9DE932A1E7F2800463A92 /* Frameworks */,
				B0C9DE942A1E7F2800463A92 /* Resources */,
			);
			buildRules = (
			);
			dependencies = (
			);
			name = ToDoApp;
			productName = ToDoApp;
			productReference = B0C9DE962A1E7F2800463A92 /* ToDoApp.app */;
			productType = "com.apple.product-type.application";
		};
		B0C9DEAB2A1E7F2A00463A92 /* ToDoAppTests */ = {
			isa = PBXNativeTarget;
			buildConfigurationList = B0C9DEC32A1E7F2A00463A92 /* Build configuration list for PBXNativeTarget "ToDoAppTests" */;
			buildPhases = (
				B0C9DEA82A1E7F2A00463A92 /* Sources */,
				B0C9DEA92A1E7F2A00463A92 /* Frameworks */,
				B0C9DEAA2A1E7F2A00463A92 /* Resources */,
			);
			buildRules = (
			);
			dependencies = (
				B0C9DEAE2A1E7F2A00463A92 /* PBXTargetDependency */,
			);
			name = ToDoAppTests;
			productName = ToDoAppTests;
			productReference = B0C9DEAC2A1E7F2A00463A92 /* ToDoAppTests.xctest */;
			productType = "com.apple.product-type.bundle.unit-test";
		};
		B0C9DEB52A1E7F2A00463A92 /* ToDoAppUITests */ = {
			isa = PBXNativeTarget;
			buildConfigurationList = B0C9DEC62A1E7F2A00463A92 /* Build configuration list for PBXNativeTarget "ToDoAppUITests" */;
			buildPhases = (
				B0C9DEB22A1E7F2A00463A92 /* Sources */,
				B0C9DEB32A1E7F2A00463A92 /* Frameworks */,
				B0C9DEB42A1E7F2A00463A92 /* Resources */,
			);
			buildRules = (
			);
			dependencies = (
				B0C9DEB82A1E7F2A00463A92 /* PBXTargetDependency */,
			);
			name = ToDoAppUITests;
			productName = ToDoAppUITests;
			productReference = B0C9DEB62A1E7F2A00463A92 /* ToDoAppUITests.xctest */;
			productType = "com.apple.product-type.bundle.ui-testing";
		};
/* End PBXNativeTarget section */

/* Begin PBXProject section */
		B0C9DE8E2A1E7F2700463A92 /* Project object */ = {
			isa = PBXProject;
			attributes = {
				BuildIndependentTargetsInParallel = 1;
				LastSwiftUpdateCheck = 1420;
				LastUpgradeCheck = 1420;
				TargetAttributes = {
					B0C9DE952A1E7F2800463A92 = {
						CreatedOnToolsVersion = 14.2;
					};
					B0C9DEAB2A1E7F2A00463A92 = {
						CreatedOnToolsVersion = 14.2;
						TestTargetID = B0C9DE952A1E7F2800463A92;
					};
					B0C9DEB52A1E7F2A00463A92 = {
						CreatedOnToolsVersion = 14.2;
						TestTargetID = B0C9DE952A1E7F2800463A92;
					};
				};
			};
			buildConfigurationList = B0C9DE912A1E7F2700463A92 /* Build configuration list for PBXProject "ToDoApp" */;
			compatibilityVersion = "Xcode 14.0";
			developmentRegion = en;
			hasScannedForEncodings = 0;
			knownRegions = (
				en,
				Base,
			);
			mainGroup = B0C9DE8D2A1E7F2700463A92;
			productRefGroup = B0C9DE972A1E7F2800463A92 /* Products */;
			projectDirPath = "";
			projectRoot = "";
			targets = (
				B0C9DE952A1E7F2800463A92 /* ToDoApp */,
				B0C9DEAB2A1E7F2A00463A92 /* ToDoAppTests */,
				B0C9DEB52A1E7F2A00463A92 /* ToDoAppUITests */,
			);
		};
/* End PBXProject section */

/* Begin PBXResourcesBuildPhase section */
		B0C9DE942A1E7F2800463A92 /* Resources */ = {
			isa = PBXResourcesBuildPhase;
			buildActionMask = 2147483647;
			files = (
				B0C9DEA62A1E7F2A00463A92 /* LaunchScreen.storyboard in Resources */,
				B0C9DEA32A1E7F2A00463A92 /* Assets.xcassets in Resources */,
				B0C9DEA12A1E7F2800463A92 /* Main.storyboard in Resources */,
			);
			runOnlyForDeploymentPostprocessing = 0;
		};
		B0C9DEAA2A1E7F2A00463A92 /* Resources */ = {
			isa = PBXResourcesBuildPhase;
			buildActionMask = 2147483647;
			files = (
			);
			runOnlyForDeploymentPostprocessing = 0;
		};
		B0C9DEB42A1E7F2A00463A92 /* Resources */ = {
			isa = PBXResourcesBuildPhase;
			buildActionMask = 2147483647;
			files = (
			);
			runOnlyForDeploymentPostprocessing = 0;
		};
/* End PBXResourcesBuildPhase section */

/* Begin PBXSourcesBuildPhase section */
		B0C9DE922A1E7F2800463A92 /* Sources */ = {
			isa = PBXSourcesBuildPhase;
			buildActionMask = 2147483647;
			files = (
				B0C9DE9E2A1E7F2800463A92 /* ViewController.swift in Sources */,
				B0C9DE9A2A1E7F2800463A92 /* AppDelegate.swift in Sources */,
				B0C9DE9C2A1E7F2800463A92 /* SceneDelegate.swift in Sources */,
			);
			runOnlyForDeploymentPostprocessing = 0;
		};
		B0C9DEA82A1E7F2A00463A92 /* Sources */ = {
			isa = PBXSourcesBuildPhase;
			buildActionMask = 2147483647;
			files = (
				B0C9DEB12A1E7F2A00463A92 /* ToDoAppTests.swift in Sources */,
			);
			runOnlyForDeploymentPostprocessing = 0;
		};
		B0C9DEB22A1E7F2A00463A92 /* Sources */ = {
			isa = PBXSourcesBuildPhase;
			buildActionMask = 2147483647;
			files = (
				B0C9DEBD2A1E7F2A00463A92 /* ToDoAppUITestsLaunchTests.swift in Sources */,
				B0C9DEBB2A1E7F2A00463A92 /* ToDoAppUITests.swift in Sources */,
			);
			runOnlyForDeploymentPostprocessing = 0;
		};
/* End PBXSourcesBuildPhase section */

/* Begin PBXTargetDependency section */
		B0C9DEAE2A1E7F2A00463A92 /* PBXTargetDependency */ = {
			isa = PBXTargetDependency;
			target = B0C9DE952A1E7F2800463A92 /* ToDoApp */;
			targetProxy = B0C9DEAD2A1E7F2A00463A92 /* PBXContainerItemProxy */;
		};
		B0C9DEB82A1E7F2A00463A92 /* PBXTargetDependency */ = {
			isa = PBXTargetDependency;
			target = B0C9DE952A1E7F2800463A92 /* ToDoApp */;
			targetProxy = B0C9DEB72A1E7F2A00463A92 /* PBXContainerItemProxy */;
		};
/* End PBXTargetDependency section */

/* Begin PBXVariantGroup section */
		B0C9DE9F2A1E7F2800463A92 /* Main.storyboard */ = {
			isa = PBXVariantGroup;
			children = (
				B0C9DEA02A1E7F2800463A92 /* Base */,
			);
			name = Main.storyboard;
			sourceTree = "<group>";
		};
		B0C9DEA42A1E7F2A00463A92 /* LaunchScreen.storyboard */ = {
			isa = PBXVariantGroup;
			children = (
				B0C9DEA52A1E7F2A00463A92 /* Base */,
			);
			name = LaunchScreen.storyboard;
			sourceTree = "<group>";
		};
/* End PBXVariantGroup section */

/* Begin XCBuildConfiguration section */
		B0C9DEBE2A1E7F2A00463A92 /* Debug */ = {
			isa = XCBuildConfiguration;
			buildSettings = {
				ALWAYS_SEARCH_USER_PATHS = NO;
				CLANG_ANALYZER_NONNULL = YES;
				CLANG_ANALYZER_NUMBER_OBJECT_CONVERSION = YES_AGGRESSIVE;
				CLANG_CXX_LANGUAGE_STANDARD = "gnu++20";
				CLANG_ENABLE_MODULES = YES;
				CLANG_ENABLE_OBJC_ARC = YES;
				CLANG_ENABLE_OBJC_WEAK = YES;
				CLANG_WARN_BLOCK_CAPTURE_AUTORELEASING = YES;
				CLANG_WARN_BOOL_CONVERSION = YES;
				CLANG_WARN_COMMA = YES;
				CLANG_WARN_CONSTANT_CONVERSION = YES;
				CLANG_WARN_DEPRECATED_OBJC_IMPLEMENTATIONS = YES;
				CLANG_WARN_DIRECT_OBJC_ISA_USAGE = YES_ERROR;
				CLANG_WARN_DOCUMENTATION_COMMENTS = YES;
				CLANG_WARN_EMPTY_BODY = YES;
				CLANG_WARN_ENUM_CONVERSION = YES;
				CLANG_WARN_INFINITE_RECURSION = YES;
				CLANG_WARN_INT_CONVERSION = YES;
				CLANG_WARN_NON_LITERAL_NULL_CONVERSION = YES;
				CLANG_WARN_OBJC_IMPLICIT_RETAIN_SELF = YES;
				CLANG_WARN_OBJC_LITERAL_CONVERSION = YES;
				CLANG_WARN_OBJC_ROOT_CLASS = YES_ERROR;
				CLANG_WARN_QUOTED_INCLUDE_IN_FRAMEWORK_HEADER = YES;
				CLANG_WARN_RANGE_LOOP_ANALYSIS = YES;
				CLANG_WARN_STRICT_PROTOTYPES = YES;
				CLANG_WARN_SUSPICIOUS_MOVE = YES;
				CLANG_WARN_UNGUARDED_AVAILABILITY = YES_AGGRESSIVE;
				CLANG_WARN_UNREACHABLE_CODE = YES;
				CLANG_WARN__DUPLICATE_METHOD_MATCH = YES;
				COPY_PHASE_STRIP = NO;
				DEBUG_INFORMATION_FORMAT = dwarf;
				ENABLE_STRICT_OBJC_MSGSEND = YES;
				ENABLE_TESTABILITY = YES;
				GCC_C_LANGUAGE_STANDARD = gnu11;
				GCC_DYNAMIC_NO_PIC = NO;
				GCC_NO_COMMON_BLOCKS = YES;
				GCC_OPTIMIZATION_LEVEL = 0;
				GCC_PREPROCESSOR_DEFINITIONS = (
					"DEBUG=1",
					"$(inherited)",
				);
				GCC_WARN_64_TO_32_BIT_CONVERSION = YES;
				GCC_WARN_ABOUT_RETURN_TYPE = YES_ERROR;
				GCC_WARN_UNDECLARED_SELECTOR = YES;
				GCC_WARN_UNINITIALIZED_AUTOS = YES_AGGRESSIVE;
				GCC_WARN_UNUSED_FUNCTION = YES;
				GCC_WARN_UNUSED_VARIABLE = YES;
				IPHONEOS_DEPLOYMENT_TARGET = 16.2;
				MTL_ENABLE_DEBUG_INFO = INCLUDE_SOURCE;
				MTL_FAST_MATH = YES;
				ONLY_ACTIVE_ARCH = YES;
				SDKROOT = iphoneos;
				SWIFT_ACTIVE_COMPILATION_CONDITIONS = DEBUG;
				SWIFT_OPTIMIZATION_LEVEL = "-Onone";
			};
			name = Debug;
		};
		B0C9DEBF2A1E7F2A00463A92 /* Release */ = {
			isa = XCBuildConfiguration;
			buildSettings = {
				ALWAYS_SEARCH_USER_PATHS = NO;
				CLANG_ANALYZER_NONNULL = YES;
				CLANG_ANALYZER_NUMBER_OBJECT_CONVERSION = YES_AGGRESSIVE;
				CLANG_CXX_LANGUAGE_STANDARD = "gnu++20";
				CLANG_ENABLE_MODULES = YES;
				CLANG_ENABLE_OBJC_ARC = YES;
				CLANG_ENABLE_OBJC_WEAK = YES;
				CLANG_WARN_BLOCK_CAPTURE_AUTORELEASING = YES;
				CLANG_WARN_BOOL_CONVERSION = YES;
				CLANG_WARN_COMMA = YES;
				CLANG_WARN_CONSTANT_CONVERSION = YES;
				CLANG_WARN_DEPRECATED_OBJC_IMPLEMENTATIONS = YES;
				CLANG_WARN_DIRECT_OBJC_ISA_USAGE = YES_ERROR;
				CLANG_WARN_DOCUMENTATION_COMMENTS = YES;
				CLANG_WARN_EMPTY_BODY = YES;
				CLANG_WARN_ENUM_CONVERSION = YES;
				CLANG_WARN_INFINITE_RECURSION = YES;
				CLANG_WARN_INT_CONVERSION = YES;
				CLANG_WARN_NON_LITERAL_NULL_CONVERSION = YES;
				CLANG_WARN_OBJC_IMPLICIT_RETAIN_SELF = YES;
				CLANG_WARN_OBJC_LITERAL_CONVERSION = YES;
				CLANG_WARN_OBJC_ROOT_CLASS = YES_ERROR;
				CLANG_WARN_QUOTED_INCLUDE_IN_FRAMEWORK_HEADER = YES;
				CLANG_WARN_RANGE_LOOP_ANALYSIS = YES;
				CLANG_WARN_STRICT_PROTOTYPES = YES;
				CLANG_WARN_SUSPICIOUS_MOVE = YES;
				CLANG_WARN_UNGUARDED_AVAILABILITY = YES_AGGRESSIVE;
				CLANG_WARN_UNREACHABLE_CODE = YES;
				CLANG_WARN__DUPLICATE_METHOD_MATCH = YES;
				COPY_PHASE_STRIP = NO;
				DEBUG_INFORMATION_FORMAT = "dwarf-with-dsym";
				ENABLE_NS_ASSERTIONS = NO;
				ENABLE_STRICT_OBJC_MSGSEND = YES;
				GCC_C_LANGUAGE_STANDARD = gnu11;
				GCC_NO_COMMON_BLOCKS = YES;
				GCC_WARN_64_TO_32_BIT_CONVERSION = YES;
				GCC_WARN_ABOUT_RETURN_TYPE = YES_ERROR;
				GCC_WARN_UNDECLARED_SELECTOR = YES;
				GCC_WARN_UNINITIALIZED_AUTOS = YES_AGGRESSIVE;
				GCC_WARN_UNUSED_FUNCTION = YES;
				GCC_WARN_UNUSED_VARIABLE = YES;
				IPHONEOS_DEPLOYMENT_TARGET = 16.2;
				MTL_ENABLE_DEBUG_INFO = NO;
				MTL_FAST_MATH = YES;
				SDKROOT = iphoneos;
				SWIFT_COMPILATION_MODE = wholemodule;
				SWIFT_OPTIMIZATION_LEVEL = "-O";
				VALIDATE_PRODUCT = YES;
			};
			name = Release;
		};
		B0C9DEC12A1E7F2A00463A92 /* Debug */ = {
			isa = XCBuildConfiguration;
			buildSettings = {
				ASSETCATALOG_COMPILER_APPICON_NAME = AppIcon;
				ASSETCATALOG_COMPILER_GLOBAL_ACCENT_COLOR_NAME = AccentColor;
				CODE_SIGN_STYLE = Automatic;
				CURRENT_PROJECT_VERSION = 1;
				DEVELOPMENT_TEAM = VJ7AN5PN54;
				GENERATE_INFOPLIST_FILE = YES;
				INFOPLIST_FILE = ToDoApp/Info.plist;
				INFOPLIST_KEY_UIApplicationSupportsIndirectInputEvents = YES;
				INFOPLIST_KEY_UILaunchStoryboardName = LaunchScreen;
				INFOPLIST_KEY_UIMainStoryboardFile = Main;
				INFOPLIST_KEY_UISupportedInterfaceOrientations_iPad = "UIInterfaceOrientationPortrait UIInterfaceOrientationPortraitUpsideDown UIInterfaceOrientationLandscapeLeft UIInterfaceOrientationLandscapeRight";
				INFOPLIST_KEY_UISupportedInterfaceOrientations_iPhone = "UIInterfaceOrientationPortrait UIInterfaceOrientationLandscapeLeft UIInterfaceOrientationLandscapeRight";
				LD_RUNPATH_SEARCH_PATHS = (
					"$(inherited)",
					"@executable_path/Frameworks",
				);
				MARKETING_VERSION = 1.0;
				PRODUCT_BUNDLE_IDENTIFIER = Serfodi.ToDoApp;
				PRODUCT_NAME = "$(TARGET_NAME)";
				SWIFT_EMIT_LOC_STRINGS = YES;
				SWIFT_VERSION = 5.0;
				TARGETED_DEVICE_FAMILY = "1,2";
			};
			name = Debug;
		};
		B0C9DEC22A1E7F2A00463A92 /* Release */ = {
			isa = XCBuildConfiguration;
			buildSettings = {
				ASSETCATALOG_COMPILER_APPICON_NAME = AppIcon;
				ASSETCATALOG_COMPILER_GLOBAL_ACCENT_COLOR_NAME = AccentColor;
				CODE_SIGN_STYLE = Automatic;
				CURRENT_PROJECT_VERSION = 1;
				DEVELOPMENT_TEAM = VJ7AN5PN54;
				GENERATE_INFOPLIST_FILE = YES;
				INFOPLIST_FILE = ToDoApp/Info.plist;
				INFOPLIST_KEY_UIApplicationSupportsIndirectInputEvents = YES;
				INFOPLIST_KEY_UILaunchStoryboardName = LaunchScreen;
				INFOPLIST_KEY_UIMainStoryboardFile = Main;
				INFOPLIST_KEY_UISupportedInterfaceOrientations_iPad = "UIInterfaceOrientationPortrait UIInterfaceOrientationPortraitUpsideDown UIInterfaceOrientationLandscapeLeft UIInterfaceOrientationLandscapeRight";
				INFOPLIST_KEY_UISupportedInterfaceOrientations_iPhone = "UIInterfaceOrientationPortrait UIInterfaceOrientationLandscapeLeft UIInterfaceOrientationLandscapeRight";
				LD_RUNPATH_SEARCH_PATHS = (
					"$(inherited)",
					"@executable_path/Frameworks",
				);
				MARKETING_VERSION = 1.0;
				PRODUCT_BUNDLE_IDENTIFIER = Serfodi.ToDoApp;
				PRODUCT_NAME = "$(TARGET_NAME)";
				SWIFT_EMIT_LOC_STRINGS = YES;
				SWIFT_VERSION = 5.0;
				TARGETED_DEVICE_FAMILY = "1,2";
			};
			name = Release;
		};
		B0C9DEC42A1E7F2A00463A92 /* Debug */ = {
			isa = XCBuildConfiguration;
			buildSettings = {
				ALWAYS_EMBED_SWIFT_STANDARD_LIBRARIES = YES;
				BUNDLE_LOADER = "$(TEST_HOST)";
				CODE_SIGN_STYLE = Automatic;
				CURRENT_PROJECT_VERSION = 1;
				DEVELOPMENT_TEAM = VJ7AN5PN54;
				GENERATE_INFOPLIST_FILE = YES;
				IPHONEOS_DEPLOYMENT_TARGET = 16.2;
				MARKETING_VERSION = 1.0;
				PRODUCT_BUNDLE_IDENTIFIER = Serfodi.ToDoAppTests;
				PRODUCT_NAME = "$(TARGET_NAME)";
				SWIFT_EMIT_LOC_STRINGS = NO;
				SWIFT_VERSION = 5.0;
				TARGETED_DEVICE_FAMILY = "1,2";
				TEST_HOST = "$(BUILT_PRODUCTS_DIR)/ToDoApp.app/$(BUNDLE_EXECUTABLE_FOLDER_PATH)/ToDoApp";
			};
			name = Debug;
		};
		B0C9DEC52A1E7F2A00463A92 /* Release */ = {
			isa = XCBuildConfiguration;
			buildSettings = {
				ALWAYS_EMBED_SWIFT_STANDARD_LIBRARIES = YES;
				BUNDLE_LOADER = "$(TEST_HOST)";
				CODE_SIGN_STYLE = Automatic;
				CURRENT_PROJECT_VERSION = 1;
				DEVELOPMENT_TEAM = VJ7AN5PN54;
				GENERATE_INFOPLIST_FILE = YES;
				IPHONEOS_DEPLOYMENT_TARGET = 16.2;
				MARKETING_VERSION = 1.0;
				PRODUCT_BUNDLE_IDENTIFIER = Serfodi.ToDoAppTests;
				PRODUCT_NAME = "$(TARGET_NAME)";
				SWIFT_EMIT_LOC_STRINGS = NO;
				SWIFT_VERSION = 5.0;
				TARGETED_DEVICE_FAMILY = "1,2";
				TEST_HOST = "$(BUILT_PRODUCTS_DIR)/ToDoApp.app/$(BUNDLE_EXECUTABLE_FOLDER_PATH)/ToDoApp";
			};
			name = Release;
		};
		B0C9DEC72A1E7F2A00463A92 /* Debug */ = {
			isa = XCBuildConfiguration;
			buildSettings = {
				ALWAYS_EMBED_SWIFT_STANDARD_LIBRARIES = YES;
				CODE_SIGN_STYLE = Automatic;
				CURRENT_PROJECT_VERSION = 1;
				DEVELOPMENT_TEAM = VJ7AN5PN54;
				GENERATE_INFOPLIST_FILE = YES;
				MARKETING_VERSION = 1.0;
				PRODUCT_BUNDLE_IDENTIFIER = Serfodi.ToDoAppUITests;
				PRODUCT_NAME = "$(TARGET_NAME)";
				SWIFT_EMIT_LOC_STRINGS = NO;
				SWIFT_VERSION = 5.0;
				TARGETED_DEVICE_FAMILY = "1,2";
				TEST_TARGET_NAME = ToDoApp;
			};
			name = Debug;
		};
		B0C9DEC82A1E7F2A00463A92 /* Release */ = {
			isa = XCBuildConfiguration;
			buildSettings = {
				ALWAYS_EMBED_SWIFT_STANDARD_LIBRARIES = YES;
				CODE_SIGN_STYLE = Automatic;
				CURRENT_PROJECT_VERSION = 1;
				DEVELOPMENT_TEAM = VJ7AN5PN54;
				GENERATE_INFOPLIST_FILE = YES;
				MARKETING_VERSION = 1.0;
				PRODUCT_BUNDLE_IDENTIFIER = Serfodi.ToDoAppUITests;
				PRODUCT_NAME = "$(TARGET_NAME)";
				SWIFT_EMIT_LOC_STRINGS = NO;
				SWIFT_VERSION = 5.0;
				TARGETED_DEVICE_FAMILY = "1,2";
				TEST_TARGET_NAME = ToDoApp;
			};
			name = Release;
		};
/* End XCBuildConfiguration section */

/* Begin XCConfigurationList section */
		B0C9DE912A1E7F2700463A92 /* Build configuration list for PBXProject "ToDoApp" */ = {
			isa = XCConfigurationList;
			buildConfigurations = (
				B0C9DEBE2A1E7F2A00463A92 /* Debug */,
				B0C9DEBF2A1E7F2A00463A92 /* Release */,
			);
			defaultConfigurationIsVisible = 0;
			defaultConfigurationName = Release;
		};
		B0C9DEC02A1E7F2A00463A92 /* Build configuration list for PBXNativeTarget "ToDoApp" */ = {
			isa = XCConfigurationList;
			buildConfigurations = (
				B0C9DEC12A1E7F2A00463A92 /* Debug */,
				B0C9DEC22A1E7F2A00463A92 /* Release */,
			);
			defaultConfigurationIsVisible = 0;
			defaultConfigurationName = Release;
		};
		B0C9DEC32A1E7F2A00463A92 /* Build configuration list for PBXNativeTarget "ToDoAppTests" */ = {
			isa = XCConfigurationList;
			buildConfigurations = (
				B0C9DEC42A1E7F2A00463A92 /* Debug */,
				B0C9DEC52A1E7F2A00463A92 /* Release */,
			);
			defaultConfigurationIsVisible = 0;
			defaultConfigurationName = Release;
		};
		B0C9DEC62A1E7F2A00463A92 /* Build configuration list for PBXNativeTarget "ToDoAppUITests" */ = {
			isa = XCConfigurationList;
			buildConfigurations = (
				B0C9DEC72A1E7F2A00463A92 /* Debug */,
				B0C9DEC82A1E7F2A00463A92 /* Release */,
			);
			defaultConfigurationIsVisible = 0;
			defaultConfigurationName = Release;
		};
/* End XCConfigurationList section */
	};
	rootObject = B0C9DE8E2A1E7F2700463A92 /* Project object */;
}
